// !$*UTF8*$!
{
	archiveVersion = 1;
	classes = {
	};
	objectVersion = 50;
	objects = {

/* Begin PBXBuildFile section */
		33FA98DA2362EC69005A61A5 /* AppDelegate.swift in Sources */ = {isa = PBXBuildFile; fileRef = 33FA98D92362EC69005A61A5 /* AppDelegate.swift */; };
		33FA98DC2362EC69005A61A5 /* SceneDelegate.swift in Sources */ = {isa = PBXBuildFile; fileRef = 33FA98DB2362EC69005A61A5 /* SceneDelegate.swift */; };
		33FA98DE2362EC69005A61A5 /* ViewController.swift in Sources */ = {isa = PBXBuildFile; fileRef = 33FA98DD2362EC69005A61A5 /* ViewController.swift */; };
		33FA98E12362EC69005A61A5 /* Main.storyboard in Resources */ = {isa = PBXBuildFile; fileRef = 33FA98DF2362EC69005A61A5 /* Main.storyboard */; };
		33FA98E32362EC6C005A61A5 /* Assets.xcassets in Resources */ = {isa = PBXBuildFile; fileRef = 33FA98E22362EC6C005A61A5 /* Assets.xcassets */; };
		33FA98E62362EC6D005A61A5 /* LaunchScreen.storyboard in Resources */ = {isa = PBXBuildFile; fileRef = 33FA98E42362EC6D005A61A5 /* LaunchScreen.storyboard */; };
		33FA98F12362EC6D005A61A5 /* UnitConverterTests.swift in Sources */ = {isa = PBXBuildFile; fileRef = 33FA98F02362EC6D005A61A5 /* UnitConverterTests.swift */; };
		33FA98FC2362EC6D005A61A5 /* UnitConverterUITests.swift in Sources */ = {isa = PBXBuildFile; fileRef = 33FA98FB2362EC6D005A61A5 /* UnitConverterUITests.swift */; };
/* End PBXBuildFile section */

/* Begin PBXContainerItemProxy section */
		33FA98ED2362EC6D005A61A5 /* PBXContainerItemProxy */ = {
			isa = PBXContainerItemProxy;
			containerPortal = 33FA98CE2362EC69005A61A5 /* Project object */;
			proxyType = 1;
			remoteGlobalIDString = 33FA98D52362EC69005A61A5;
			remoteInfo = UnitConverter;
		};
		33FA98F82362EC6D005A61A5 /* PBXContainerItemProxy */ = {
			isa = PBXContainerItemProxy;
			containerPortal = 33FA98CE2362EC69005A61A5 /* Project object */;
			proxyType = 1;
			remoteGlobalIDString = 33FA98D52362EC69005A61A5;
			remoteInfo = UnitConverter;
		};
/* End PBXContainerItemProxy section */

/* Begin PBXFileReference section */
		33FA98D62362EC69005A61A5 /* UnitConverter.app */ = {isa = PBXFileReference; explicitFileType = wrapper.application; includeInIndex = 0; path = UnitConverter.app; sourceTree = BUILT_PRODUCTS_DIR; };
		33FA98D92362EC69005A61A5 /* AppDelegate.swift */ = {isa = PBXFileReference; lastKnownFileType = sourcecode.swift; path = AppDelegate.swift; sourceTree = "<group>"; };
		33FA98DB2362EC69005A61A5 /* SceneDelegate.swift */ = {isa = PBXFileReference; lastKnownFileType = sourcecode.swift; path = SceneDelegate.swift; sourceTree = "<group>"; };
		33FA98DD2362EC69005A61A5 /* ViewController.swift */ = {isa = PBXFileReference; lastKnownFileType = sourcecode.swift; path = ViewController.swift; sourceTree = "<group>"; };
		33FA98E02362EC69005A61A5 /* Base */ = {isa = PBXFileReference; lastKnownFileType = file.storyboard; name = Base; path = Base.lproj/Main.storyboard; sourceTree = "<group>"; };
		33FA98E22362EC6C005A61A5 /* Assets.xcassets */ = {isa = PBXFileReference; lastKnownFileType = folder.assetcatalog; path = Assets.xcassets; sourceTree = "<group>"; };
		33FA98E52362EC6D005A61A5 /* Base */ = {isa = PBXFileReference; lastKnownFileType = file.storyboard; name = Base; path = Base.lproj/LaunchScreen.storyboard; sourceTree = "<group>"; };
		33FA98E72362EC6D005A61A5 /* Info.plist */ = {isa = PBXFileReference; lastKnownFileType = text.plist.xml; path = Info.plist; sourceTree = "<group>"; };
		33FA98EC2362EC6D005A61A5 /* UnitConverterTests.xctest */ = {isa = PBXFileReference; explicitFileType = wrapper.cfbundle; includeInIndex = 0; path = UnitConverterTests.xctest; sourceTree = BUILT_PRODUCTS_DIR; };
		33FA98F02362EC6D005A61A5 /* UnitConverterTests.swift */ = {isa = PBXFileReference; lastKnownFileType = sourcecode.swift; path = UnitConverterTests.swift; sourceTree = "<group>"; };
		33FA98F22362EC6D005A61A5 /* Info.plist */ = {isa = PBXFileReference; lastKnownFileType = text.plist.xml; path = Info.plist; sourceTree = "<group>"; };
		33FA98F72362EC6D005A61A5 /* UnitConverterUITests.xctest */ = {isa = PBXFileReference; explicitFileType = wrapper.cfbundle; includeInIndex = 0; path = UnitConverterUITests.xctest; sourceTree = BUILT_PRODUCTS_DIR; };
		33FA98FB2362EC6D005A61A5 /* UnitConverterUITests.swift */ = {isa = PBXFileReference; lastKnownFileType = sourcecode.swift; path = UnitConverterUITests.swift; sourceTree = "<group>"; };
		33FA98FD2362EC6D005A61A5 /* Info.plist */ = {isa = PBXFileReference; lastKnownFileType = text.plist.xml; path = Info.plist; sourceTree = "<group>"; };
/* End PBXFileReference section */

/* Begin PBXFrameworksBuildPhase section */
		33FA98D32362EC69005A61A5 /* Frameworks */ = {
			isa = PBXFrameworksBuildPhase;
			buildActionMask = 2147483647;
			files = (
			);
			runOnlyForDeploymentPostprocessing = 0;
		};
		33FA98E92362EC6D005A61A5 /* Frameworks */ = {
			isa = PBXFrameworksBuildPhase;
			buildActionMask = 2147483647;
			files = (
			);
			runOnlyForDeploymentPostprocessing = 0;
		};
		33FA98F42362EC6D005A61A5 /* Frameworks */ = {
			isa = PBXFrameworksBuildPhase;
			buildActionMask = 2147483647;
			files = (
			);
			runOnlyForDeploymentPostprocessing = 0;
		};
/* End PBXFrameworksBuildPhase section */

/* Begin PBXGroup section */
		33FA98CD2362EC69005A61A5 = {
			isa = PBXGroup;
			children = (
				33FA98D82362EC69005A61A5 /* UnitConverter */,
				33FA98EF2362EC6D005A61A5 /* UnitConverterTests */,
				33FA98FA2362EC6D005A61A5 /* UnitConverterUITests */,
				33FA98D72362EC69005A61A5 /* Products */,
			);
			sourceTree = "<group>";
		};
		33FA98D72362EC69005A61A5 /* Products */ = {
			isa = PBXGroup;
			children = (
				33FA98D62362EC69005A61A5 /* UnitConverter.app */,
				33FA98EC2362EC6D005A61A5 /* UnitConverterTests.xctest */,
				33FA98F72362EC6D005A61A5 /* UnitConverterUITests.xctest */,
			);
			name = Products;
			sourceTree = "<group>";
		};
		33FA98D82362EC69005A61A5 /* UnitConverter */ = {
			isa = PBXGroup;
			children = (
				33FA98D92362EC69005A61A5 /* AppDelegate.swift */,
				33FA98DB2362EC69005A61A5 /* SceneDelegate.swift */,
				33FA98DD2362EC69005A61A5 /* ViewController.swift */,
				33FA98DF2362EC69005A61A5 /* Main.storyboard */,
				33FA98E22362EC6C005A61A5 /* Assets.xcassets */,
				33FA98E42362EC6D005A61A5 /* LaunchScreen.storyboard */,
				33FA98E72362EC6D005A61A5 /* Info.plist */,
			);
			path = UnitConverter;
			sourceTree = "<group>";
		};
		33FA98EF2362EC6D005A61A5 /* UnitConverterTests */ = {
			isa = PBXGroup;
			children = (
				33FA98F02362EC6D005A61A5 /* UnitConverterTests.swift */,
				33FA98F22362EC6D005A61A5 /* Info.plist */,
			);
			path = UnitConverterTests;
			sourceTree = "<group>";
		};
		33FA98FA2362EC6D005A61A5 /* UnitConverterUITests */ = {
			isa = PBXGroup;
			children = (
				33FA98FB2362EC6D005A61A5 /* UnitConverterUITests.swift */,
				33FA98FD2362EC6D005A61A5 /* Info.plist */,
			);
			path = UnitConverterUITests;
			sourceTree = "<group>";
		};
/* End PBXGroup section */

/* Begin PBXNativeTarget section */
		33FA98D52362EC69005A61A5 /* UnitConverter */ = {
			isa = PBXNativeTarget;
			buildConfigurationList = 33FA99002362EC6D005A61A5 /* Build configuration list for PBXNativeTarget "UnitConverter" */;
			buildPhases = (
				33FA98D22362EC69005A61A5 /* Sources */,
				33FA98D32362EC69005A61A5 /* Frameworks */,
				33FA98D42362EC69005A61A5 /* Resources */,
			);
			buildRules = (
			);
			dependencies = (
			);
			name = UnitConverter;
			productName = UnitConverter;
			productReference = 33FA98D62362EC69005A61A5 /* UnitConverter.app */;
			productType = "com.apple.product-type.application";
		};
		33FA98EB2362EC6D005A61A5 /* UnitConverterTests */ = {
			isa = PBXNativeTarget;
			buildConfigurationList = 33FA99032362EC6D005A61A5 /* Build configuration list for PBXNativeTarget "UnitConverterTests" */;
			buildPhases = (
				33FA98E82362EC6D005A61A5 /* Sources */,
				33FA98E92362EC6D005A61A5 /* Frameworks */,
				33FA98EA2362EC6D005A61A5 /* Resources */,
			);
			buildRules = (
			);
			dependencies = (
				33FA98EE2362EC6D005A61A5 /* PBXTargetDependency */,
			);
			name = UnitConverterTests;
			productName = UnitConverterTests;
			productReference = 33FA98EC2362EC6D005A61A5 /* UnitConverterTests.xctest */;
			productType = "com.apple.product-type.bundle.unit-test";
		};
		33FA98F62362EC6D005A61A5 /* UnitConverterUITests */ = {
			isa = PBXNativeTarget;
			buildConfigurationList = 33FA99062362EC6D005A61A5 /* Build configuration list for PBXNativeTarget "UnitConverterUITests" */;
			buildPhases = (
				33FA98F32362EC6D005A61A5 /* Sources */,
				33FA98F42362EC6D005A61A5 /* Frameworks */,
				33FA98F52362EC6D005A61A5 /* Resources */,
			);
			buildRules = (
			);
			dependencies = (
				33FA98F92362EC6D005A61A5 /* PBXTargetDependency */,
			);
			name = UnitConverterUITests;
			productName = UnitConverterUITests;
			productReference = 33FA98F72362EC6D005A61A5 /* UnitConverterUITests.xctest */;
			productType = "com.apple.product-type.bundle.ui-testing";
		};
/* End PBXNativeTarget section */

/* Begin PBXProject section */
		33FA98CE2362EC69005A61A5 /* Project object */ = {
			isa = PBXProject;
			attributes = {
				LastSwiftUpdateCheck = 1110;
				LastUpgradeCheck = 1110;
				ORGANIZATIONNAME = "joon-ho kil";
				TargetAttributes = {
					33FA98D52362EC69005A61A5 = {
						CreatedOnToolsVersion = 11.1;
					};
					33FA98EB2362EC6D005A61A5 = {
						CreatedOnToolsVersion = 11.1;
						TestTargetID = 33FA98D52362EC69005A61A5;
					};
					33FA98F62362EC6D005A61A5 = {
						CreatedOnToolsVersion = 11.1;
						TestTargetID = 33FA98D52362EC69005A61A5;
					};
				};
			};
			buildConfigurationList = 33FA98D12362EC69005A61A5 /* Build configuration list for PBXProject "UnitConverter" */;
			compatibilityVersion = "Xcode 9.3";
			developmentRegion = en;
			hasScannedForEncodings = 0;
			knownRegions = (
				en,
				Base,
			);
			mainGroup = 33FA98CD2362EC69005A61A5;
			productRefGroup = 33FA98D72362EC69005A61A5 /* Products */;
			projectDirPath = "";
			projectRoot = "";
			targets = (
				33FA98D52362EC69005A61A5 /* UnitConverter */,
				33FA98EB2362EC6D005A61A5 /* UnitConverterTests */,
				33FA98F62362EC6D005A61A5 /* UnitConverterUITests */,
			);
		};
/* End PBXProject section */

/* Begin PBXResourcesBuildPhase section */
		33FA98D42362EC69005A61A5 /* Resources */ = {
			isa = PBXResourcesBuildPhase;
			buildActionMask = 2147483647;
			files = (
				33FA98E62362EC6D005A61A5 /* LaunchScreen.storyboard in Resources */,
				33FA98E32362EC6C005A61A5 /* Assets.xcassets in Resources */,
				33FA98E12362EC69005A61A5 /* Main.storyboard in Resources */,
			);
			runOnlyForDeploymentPostprocessing = 0;
		};
		33FA98EA2362EC6D005A61A5 /* Resources */ = {
			isa = PBXResourcesBuildPhase;
			buildActionMask = 2147483647;
			files = (
			);
			runOnlyForDeploymentPostprocessing = 0;
		};
		33FA98F52362EC6D005A61A5 /* Resources */ = {
			isa = PBXResourcesBuildPhase;
			buildActionMask = 2147483647;
			files = (
			);
			runOnlyForDeploymentPostprocessing = 0;
		};
/* End PBXResourcesBuildPhase section */

/* Begin PBXSourcesBuildPhase section */
		33FA98D22362EC69005A61A5 /* Sources */ = {
			isa = PBXSourcesBuildPhase;
			buildActionMask = 2147483647;
			files = (
				33FA98DE2362EC69005A61A5 /* ViewController.swift in Sources */,
				33FA98DA2362EC69005A61A5 /* AppDelegate.swift in Sources */,
				33FA98DC2362EC69005A61A5 /* SceneDelegate.swift in Sources */,
			);
			runOnlyForDeploymentPostprocessing = 0;
		};
		33FA98E82362EC6D005A61A5 /* Sources */ = {
			isa = PBXSourcesBuildPhase;
			buildActionMask = 2147483647;
			files = (
				33FA98F12362EC6D005A61A5 /* UnitConverterTests.swift in Sources */,
			);
			runOnlyForDeploymentPostprocessing = 0;
		};
		33FA98F32362EC6D005A61A5 /* Sources */ = {
			isa = PBXSourcesBuildPhase;
			buildActionMask = 2147483647;
			files = (
				33FA98FC2362EC6D005A61A5 /* UnitConverterUITests.swift in Sources */,
			);
			runOnlyForDeploymentPostprocessing = 0;
		};
/* End PBXSourcesBuildPhase section */

/* Begin PBXTargetDependency section */
		33FA98EE2362EC6D005A61A5 /* PBXTargetDependency */ = {
			isa = PBXTargetDependency;
			target = 33FA98D52362EC69005A61A5 /* UnitConverter */;
			targetProxy = 33FA98ED2362EC6D005A61A5 /* PBXContainerItemProxy */;
		};
		33FA98F92362EC6D005A61A5 /* PBXTargetDependency */ = {
			isa = PBXTargetDependency;
			target = 33FA98D52362EC69005A61A5 /* UnitConverter */;
			targetProxy = 33FA98F82362EC6D005A61A5 /* PBXContainerItemProxy */;
		};
/* End PBXTargetDependency section */

/* Begin PBXVariantGroup section */
		33FA98DF2362EC69005A61A5 /* Main.storyboard */ = {
			isa = PBXVariantGroup;
			children = (
				33FA98E02362EC69005A61A5 /* Base */,
			);
			name = Main.storyboard;
			sourceTree = "<group>";
		};
		33FA98E42362EC6D005A61A5 /* LaunchScreen.storyboard */ = {
			isa = PBXVariantGroup;
			children = (
				33FA98E52362EC6D005A61A5 /* Base */,
			);
			name = LaunchScreen.storyboard;
			sourceTree = "<group>";
		};
/* End PBXVariantGroup section */

/* Begin XCBuildConfiguration section */
		33FA98FE2362EC6D005A61A5 /* Debug */ = {
			isa = XCBuildConfiguration;
			buildSettings = {
				ALWAYS_SEARCH_USER_PATHS = NO;
				CLANG_ANALYZER_NONNULL = YES;
				CLANG_ANALYZER_NUMBER_OBJECT_CONVERSION = YES_AGGRESSIVE;
				CLANG_CXX_LANGUAGE_STANDARD = "gnu++14";
				CLANG_CXX_LIBRARY = "libc++";
				CLANG_ENABLE_MODULES = YES;
				CLANG_ENABLE_OBJC_ARC = YES;
				CLANG_ENABLE_OBJC_WEAK = YES;
				CLANG_WARN_BLOCK_CAPTURE_AUTORELEASING = YES;
				CLANG_WARN_BOOL_CONVERSION = YES;
				CLANG_WARN_COMMA = YES;
				CLANG_WARN_CONSTANT_CONVERSION = YES;
				CLANG_WARN_DEPRECATED_OBJC_IMPLEMENTATIONS = YES;
				CLANG_WARN_DIRECT_OBJC_ISA_USAGE = YES_ERROR;
				CLANG_WARN_DOCUMENTATION_COMMENTS = YES;
				CLANG_WARN_EMPTY_BODY = YES;
				CLANG_WARN_ENUM_CONVERSION = YES;
				CLANG_WARN_INFINITE_RECURSION = YES;
				CLANG_WARN_INT_CONVERSION = YES;
				CLANG_WARN_NON_LITERAL_NULL_CONVERSION = YES;
				CLANG_WARN_OBJC_IMPLICIT_RETAIN_SELF = YES;
				CLANG_WARN_OBJC_LITERAL_CONVERSION = YES;
				CLANG_WARN_OBJC_ROOT_CLASS = YES_ERROR;
				CLANG_WARN_RANGE_LOOP_ANALYSIS = YES;
				CLANG_WARN_STRICT_PROTOTYPES = YES;
				CLANG_WARN_SUSPICIOUS_MOVE = YES;
				CLANG_WARN_UNGUARDED_AVAILABILITY = YES_AGGRESSIVE;
				CLANG_WARN_UNREACHABLE_CODE = YES;
				CLANG_WARN__DUPLICATE_METHOD_MATCH = YES;
				COPY_PHASE_STRIP = NO;
				DEBUG_INFORMATION_FORMAT = dwarf;
				ENABLE_STRICT_OBJC_MSGSEND = YES;
				ENABLE_TESTABILITY = YES;
				GCC_C_LANGUAGE_STANDARD = gnu11;
				GCC_DYNAMIC_NO_PIC = NO;
				GCC_NO_COMMON_BLOCKS = YES;
				GCC_OPTIMIZATION_LEVEL = 0;
				GCC_PREPROCESSOR_DEFINITIONS = (
					"DEBUG=1",
					"$(inherited)",
				);
				GCC_WARN_64_TO_32_BIT_CONVERSION = YES;
				GCC_WARN_ABOUT_RETURN_TYPE = YES_ERROR;
				GCC_WARN_UNDECLARED_SELECTOR = YES;
				GCC_WARN_UNINITIALIZED_AUTOS = YES_AGGRESSIVE;
				GCC_WARN_UNUSED_FUNCTION = YES;
				GCC_WARN_UNUSED_VARIABLE = YES;
				IPHONEOS_DEPLOYMENT_TARGET = 13.1;
				MTL_ENABLE_DEBUG_INFO = INCLUDE_SOURCE;
				MTL_FAST_MATH = YES;
				ONLY_ACTIVE_ARCH = YES;
				SDKROOT = iphoneos;
				SWIFT_ACTIVE_COMPILATION_CONDITIONS = DEBUG;
				SWIFT_OPTIMIZATION_LEVEL = "-Onone";
			};
			name = Debug;
		};
		33FA98FF2362EC6D005A61A5 /* Release */ = {
			isa = XCBuildConfiguration;
			buildSettings = {
				ALWAYS_SEARCH_USER_PATHS = NO;
				CLANG_ANALYZER_NONNULL = YES;
				CLANG_ANALYZER_NUMBER_OBJECT_CONVERSION = YES_AGGRESSIVE;
				CLANG_CXX_LANGUAGE_STANDARD = "gnu++14";
				CLANG_CXX_LIBRARY = "libc++";
				CLANG_ENABLE_MODULES = YES;
				CLANG_ENABLE_OBJC_ARC = YES;
				CLANG_ENABLE_OBJC_WEAK = YES;
				CLANG_WARN_BLOCK_CAPTURE_AUTORELEASING = YES;
				CLANG_WARN_BOOL_CONVERSION = YES;
				CLANG_WARN_COMMA = YES;
				CLANG_WARN_CONSTANT_CONVERSION = YES;
				CLANG_WARN_DEPRECATED_OBJC_IMPLEMENTATIONS = YES;
				CLANG_WARN_DIRECT_OBJC_ISA_USAGE = YES_ERROR;
				CLANG_WARN_DOCUMENTATION_COMMENTS = YES;
				CLANG_WARN_EMPTY_BODY = YES;
				CLANG_WARN_ENUM_CONVERSION = YES;
				CLANG_WARN_INFINITE_RECURSION = YES;
				CLANG_WARN_INT_CONVERSION = YES;
				CLANG_WARN_NON_LITERAL_NULL_CONVERSION = YES;
				CLANG_WARN_OBJC_IMPLICIT_RETAIN_SELF = YES;
				CLANG_WARN_OBJC_LITERAL_CONVERSION = YES;
				CLANG_WARN_OBJC_ROOT_CLASS = YES_ERROR;
				CLANG_WARN_RANGE_LOOP_ANALYSIS = YES;
				CLANG_WARN_STRICT_PROTOTYPES = YES;
				CLANG_WARN_SUSPICIOUS_MOVE = YES;
				CLANG_WARN_UNGUARDED_AVAILABILITY = YES_AGGRESSIVE;
				CLANG_WARN_UNREACHABLE_CODE = YES;
				CLANG_WARN__DUPLICATE_METHOD_MATCH = YES;
				COPY_PHASE_STRIP = NO;
				DEBUG_INFORMATION_FORMAT = "dwarf-with-dsym";
				ENABLE_NS_ASSERTIONS = NO;
				ENABLE_STRICT_OBJC_MSGSEND = YES;
				GCC_C_LANGUAGE_STANDARD = gnu11;
				GCC_NO_COMMON_BLOCKS = YES;
				GCC_WARN_64_TO_32_BIT_CONVERSION = YES;
				GCC_WARN_ABOUT_RETURN_TYPE = YES_ERROR;
				GCC_WARN_UNDECLARED_SELECTOR = YES;
				GCC_WARN_UNINITIALIZED_AUTOS = YES_AGGRESSIVE;
				GCC_WARN_UNUSED_FUNCTION = YES;
				GCC_WARN_UNUSED_VARIABLE = YES;
				IPHONEOS_DEPLOYMENT_TARGET = 13.1;
				MTL_ENABLE_DEBUG_INFO = NO;
				MTL_FAST_MATH = YES;
				SDKROOT = iphoneos;
				SWIFT_COMPILATION_MODE = wholemodule;
				SWIFT_OPTIMIZATION_LEVEL = "-O";
				VALIDATE_PRODUCT = YES;
			};
			name = Release;
		};
		33FA99012362EC6D005A61A5 /* Debug */ = {
			isa = XCBuildConfiguration;
			buildSettings = {
				ASSETCATALOG_COMPILER_APPICON_NAME = AppIcon;
				CODE_SIGN_STYLE = Automatic;
				INFOPLIST_FILE = UnitConverter/Info.plist;
				LD_RUNPATH_SEARCH_PATHS = (
					"$(inherited)",
					"@executable_path/Frameworks",
				);
				PRODUCT_BUNDLE_IDENTIFIER = me.kiljh.UnitConverter;
				PRODUCT_NAME = "$(TARGET_NAME)";
				SWIFT_VERSION = 5.0;
				TARGETED_DEVICE_FAMILY = "1,2";
			};
			name = Debug;
		};
		33FA99022362EC6D005A61A5 /* Release */ = {
			isa = XCBuildConfiguration;
			buildSettings = {
				ASSETCATALOG_COMPILER_APPICON_NAME = AppIcon;
				CODE_SIGN_STYLE = Automatic;
				INFOPLIST_FILE = UnitConverter/Info.plist;
				LD_RUNPATH_SEARCH_PATHS = (
					"$(inherited)",
					"@executable_path/Frameworks",
				);
				PRODUCT_BUNDLE_IDENTIFIER = me.kiljh.UnitConverter;
				PRODUCT_NAME = "$(TARGET_NAME)";
				SWIFT_VERSION = 5.0;
				TARGETED_DEVICE_FAMILY = "1,2";
			};
			name = Release;
		};
		33FA99042362EC6D005A61A5 /* Debug */ = {
			isa = XCBuildConfiguration;
			buildSettings = {
				ALWAYS_EMBED_SWIFT_STANDARD_LIBRARIES = YES;
				BUNDLE_LOADER = "$(TEST_HOST)";
				CODE_SIGN_STYLE = Automatic;
				INFOPLIST_FILE = UnitConverterTests/Info.plist;
				IPHONEOS_DEPLOYMENT_TARGET = 13.1;
				LD_RUNPATH_SEARCH_PATHS = (
					"$(inherited)",
					"@executable_path/Frameworks",
					"@loader_path/Frameworks",
				);
				PRODUCT_BUNDLE_IDENTIFIER = me.kiljh.UnitConverterTests;
				PRODUCT_NAME = "$(TARGET_NAME)";
				SWIFT_VERSION = 5.0;
				TARGETED_DEVICE_FAMILY = "1,2";
				TEST_HOST = "$(BUILT_PRODUCTS_DIR)/UnitConverter.app/UnitConverter";
			};
			name = Debug;
		};
		33FA99052362EC6D005A61A5 /* Release */ = {
			isa = XCBuildConfiguration;
			buildSettings = {
				ALWAYS_EMBED_SWIFT_STANDARD_LIBRARIES = YES;
				BUNDLE_LOADER = "$(TEST_HOST)";
				CODE_SIGN_STYLE = Automatic;
				INFOPLIST_FILE = UnitConverterTests/Info.plist;
				IPHONEOS_DEPLOYMENT_TARGET = 13.1;
				LD_RUNPATH_SEARCH_PATHS = (
					"$(inherited)",
					"@executable_path/Frameworks",
					"@loader_path/Frameworks",
				);
				PRODUCT_BUNDLE_IDENTIFIER = me.kiljh.UnitConverterTests;
				PRODUCT_NAME = "$(TARGET_NAME)";
				SWIFT_VERSION = 5.0;
				TARGETED_DEVICE_FAMILY = "1,2";
				TEST_HOST = "$(BUILT_PRODUCTS_DIR)/UnitConverter.app/UnitConverter";
			};
			name = Release;
		};
		33FA99072362EC6D005A61A5 /* Debug */ = {
			isa = XCBuildConfiguration;
			buildSettings = {
				ALWAYS_EMBED_SWIFT_STANDARD_LIBRARIES = YES;
				CODE_SIGN_STYLE = Automatic;
				INFOPLIST_FILE = UnitConverterUITests/Info.plist;
				LD_RUNPATH_SEARCH_PATHS = (
					"$(inherited)",
					"@executable_path/Frameworks",
					"@loader_path/Frameworks",
				);
				PRODUCT_BUNDLE_IDENTIFIER = me.kiljh.UnitConverterUITests;
				PRODUCT_NAME = "$(TARGET_NAME)";
				SWIFT_VERSION = 5.0;
				TARGETED_DEVICE_FAMILY = "1,2";
				TEST_TARGET_NAME = UnitConverter;
			};
			name = Debug;
		};
		33FA99082362EC6D005A61A5 /* Release */ = {
			isa = XCBuildConfiguration;
			buildSettings = {
				ALWAYS_EMBED_SWIFT_STANDARD_LIBRARIES = YES;
				CODE_SIGN_STYLE = Automatic;
				INFOPLIST_FILE = UnitConverterUITests/Info.plist;
				LD_RUNPATH_SEARCH_PATHS = (
					"$(inherited)",
					"@executable_path/Frameworks",
					"@loader_path/Frameworks",
				);
				PRODUCT_BUNDLE_IDENTIFIER = me.kiljh.UnitConverterUITests;
				PRODUCT_NAME = "$(TARGET_NAME)";
				SWIFT_VERSION = 5.0;
				TARGETED_DEVICE_FAMILY = "1,2";
				TEST_TARGET_NAME = UnitConverter;
			};
			name = Release;
		};
/* End XCBuildConfiguration section */

/* Begin XCConfigurationList section */
		33FA98D12362EC69005A61A5 /* Build configuration list for PBXProject "UnitConverter" */ = {
			isa = XCConfigurationList;
			buildConfigurations = (
				33FA98FE2362EC6D005A61A5 /* Debug */,
				33FA98FF2362EC6D005A61A5 /* Release */,
			);
			defaultConfigurationIsVisible = 0;
			defaultConfigurationName = Release;
		};
		33FA99002362EC6D005A61A5 /* Build configuration list for PBXNativeTarget "UnitConverter" */ = {
			isa = XCConfigurationList;
			buildConfigurations = (
				33FA99012362EC6D005A61A5 /* Debug */,
				33FA99022362EC6D005A61A5 /* Release */,
			);
			defaultConfigurationIsVisible = 0;
			defaultConfigurationName = Release;
		};
		33FA99032362EC6D005A61A5 /* Build configuration list for PBXNativeTarget "UnitConverterTests" */ = {
			isa = XCConfigurationList;
			buildConfigurations = (
				33FA99042362EC6D005A61A5 /* Debug */,
				33FA99052362EC6D005A61A5 /* Release */,
			);
			defaultConfigurationIsVisible = 0;
			defaultConfigurationName = Release;
		};
		33FA99062362EC6D005A61A5 /* Build configuration list for PBXNativeTarget "UnitConverterUITests" */ = {
			isa = XCConfigurationList;
			buildConfigurations = (
				33FA99072362EC6D005A61A5 /* Debug */,
				33FA99082362EC6D005A61A5 /* Release */,
			);
			defaultConfigurationIsVisible = 0;
			defaultConfigurationName = Release;
		};
/* End XCConfigurationList section */
	};
	rootObject = 33FA98CE2362EC69005A61A5 /* Project object */;
}
